{
  "name": "cqrs",
  "lockfileVersion": 3,
  "requires": true,
  "packages": {
    "": {
      "dependencies": {
        "vue-simple-websocket": "^1.0.0"
      }
    },
    "node_modules/vue-simple-websocket": {
      "version": "1.0.0",
      "resolved": "https://registry.npmjs.org/vue-simple-websocket/-/vue-simple-websocket-1.0.0.tgz",
      "integrity": "sha512-IBRHalg0iEHPSImN6jxyzlmRT2N9GGHN0pY1a14MM1vDgEnKyMPBuvea3L/bqeivNexYZyLMqqLqYCMMr9igPg=="
    }
  }
}
